
Microsoft Visual Studio Solution File, Format Version 12.00
# Visual Studio 14
VisualStudioVersion = 14.0.25420.1
MinimumVisualStudioVersion = 10.0.40219.1
Project("{2150E333-8FDC-42A3-9474-1A3956D46DE8}") = "Win", "Win", "{248E57B0-1C0A-4A63-B17C-48E321A465DC}"
EndProject
Project("{2150E333-8FDC-42A3-9474-1A3956D46DE8}") = "Linux", "Linux", "{2D7EA1D3-9A39-4F36-B086-C5F7489B7C67}"
EndProject
Project("{8BC9CEB8-8B4A-11D0-8D11-00A0C91BC942}") = "TcpClient", "WinTcpUdp\Client\TCPLearningClient.vcxproj", "{12610208-F0DA-4D54-A469-04D127036AD6}"
EndProject
Project("{8BC9CEB8-8B4A-11D0-8D11-00A0C91BC942}") = "IOCPModel", "WinTcpUdp\IOCPModel\IOCPModel.vcxproj", "{CC441BF4-7D5A-41AB-A714-0A82FBF92076}"
EndProject
Project("{8BC9CEB8-8B4A-11D0-8D11-00A0C91BC942}") = "TcpServer", "WinTcpUdp\Server\TCPIPLearningServer.vcxproj", "{7858CDB5-57F2-471A-B503-AFA03722CE8B}"
EndProject
Project("{8BC9CEB8-8B4A-11D0-8D11-00A0C91BC942}") = "WSAEventSelectModel", "WinTcpUdp\WSAEventSelectModel\AsyncTcpServer.vcxproj", "{AC2606FE-9732-4EA9-B279-35A66C276898}"
EndProject
Project("{8BC9CEB8-8B4A-11D0-8D11-00A0C91BC942}") = "ConcurrencyTest", "WinTcpUdp\并发\CoroutineSever\CoroutineSever.vcxproj", "{127B0BA0-79C7-4BF2-AD00-1DC6891ED0B3}"
EndProject
Project("{2150E333-8FDC-42A3-9474-1A3956D46DE8}") = "Client", "Client", "{A1AFFABE-CA47-40E7-BD47-BC878CD56470}"
EndProject
Project("{2150E333-8FDC-42A3-9474-1A3956D46DE8}") = "Sever", "Sever", "{3C3EAD23-4E72-4C72-9993-D58C28EA75CE}"
EndProject
Project("{2150E333-8FDC-42A3-9474-1A3956D46DE8}") = "Client", "Client", "{C05F4A2B-E441-41E3-9854-3C2373BF6FB1}"
EndProject
Project("{2150E333-8FDC-42A3-9474-1A3956D46DE8}") = "Sever", "Sever", "{B781213A-8044-4BA1-A336-D01C1236E9B8}"
EndProject
Global
	GlobalSection(SolutionConfigurationPlatforms) = preSolution
		Debug|x64 = Debug|x64
		Debug|x86 = Debug|x86
		Release|x64 = Release|x64
		Release|x86 = Release|x86
	EndGlobalSection
	GlobalSection(ProjectConfigurationPlatforms) = postSolution
		{12610208-F0DA-4D54-A469-04D127036AD6}.Debug|x64.ActiveCfg = Debug|x64
		{12610208-F0DA-4D54-A469-04D127036AD6}.Debug|x64.Build.0 = Debug|x64
		{12610208-F0DA-4D54-A469-04D127036AD6}.Debug|x86.ActiveCfg = Debug|Win32
		{12610208-F0DA-4D54-A469-04D127036AD6}.Debug|x86.Build.0 = Debug|Win32
		{12610208-F0DA-4D54-A469-04D127036AD6}.Release|x64.ActiveCfg = Release|x64
		{12610208-F0DA-4D54-A469-04D127036AD6}.Release|x64.Build.0 = Release|x64
		{12610208-F0DA-4D54-A469-04D127036AD6}.Release|x86.ActiveCfg = Release|Win32
		{12610208-F0DA-4D54-A469-04D127036AD6}.Release|x86.Build.0 = Release|Win32
		{CC441BF4-7D5A-41AB-A714-0A82FBF92076}.Debug|x64.ActiveCfg = Debug|x64
		{CC441BF4-7D5A-41AB-A714-0A82FBF92076}.Debug|x64.Build.0 = Debug|x64
		{CC441BF4-7D5A-41AB-A714-0A82FBF92076}.Debug|x86.ActiveCfg = Debug|Win32
		{CC441BF4-7D5A-41AB-A714-0A82FBF92076}.Debug|x86.Build.0 = Debug|Win32
		{CC441BF4-7D5A-41AB-A714-0A82FBF92076}.Release|x64.ActiveCfg = Release|x64
		{CC441BF4-7D5A-41AB-A714-0A82FBF92076}.Release|x64.Build.0 = Release|x64
		{CC441BF4-7D5A-41AB-A714-0A82FBF92076}.Release|x86.ActiveCfg = Release|Win32
		{CC441BF4-7D5A-41AB-A714-0A82FBF92076}.Release|x86.Build.0 = Release|Win32
		{7858CDB5-57F2-471A-B503-AFA03722CE8B}.Debug|x64.ActiveCfg = Debug|x64
		{7858CDB5-57F2-471A-B503-AFA03722CE8B}.Debug|x64.Build.0 = Debug|x64
		{7858CDB5-57F2-471A-B503-AFA03722CE8B}.Debug|x86.ActiveCfg = Debug|Win32
		{7858CDB5-57F2-471A-B503-AFA03722CE8B}.Debug|x86.Build.0 = Debug|Win32
		{7858CDB5-57F2-471A-B503-AFA03722CE8B}.Release|x64.ActiveCfg = Release|x64
		{7858CDB5-57F2-471A-B503-AFA03722CE8B}.Release|x64.Build.0 = Release|x64
		{7858CDB5-57F2-471A-B503-AFA03722CE8B}.Release|x86.ActiveCfg = Release|Win32
		{7858CDB5-57F2-471A-B503-AFA03722CE8B}.Release|x86.Build.0 = Release|Win32
		{AC2606FE-9732-4EA9-B279-35A66C276898}.Debug|x64.ActiveCfg = Debug|x64
		{AC2606FE-9732-4EA9-B279-35A66C276898}.Debug|x64.Build.0 = Debug|x64
		{AC2606FE-9732-4EA9-B279-35A66C276898}.Debug|x86.ActiveCfg = Debug|Win32
		{AC2606FE-9732-4EA9-B279-35A66C276898}.Debug|x86.Build.0 = Debug|Win32
		{AC2606FE-9732-4EA9-B279-35A66C276898}.Release|x64.ActiveCfg = Release|x64
		{AC2606FE-9732-4EA9-B279-35A66C276898}.Release|x64.Build.0 = Release|x64
		{AC2606FE-9732-4EA9-B279-35A66C276898}.Release|x86.ActiveCfg = Release|Win32
		{AC2606FE-9732-4EA9-B279-35A66C276898}.Release|x86.Build.0 = Release|Win32
		{127B0BA0-79C7-4BF2-AD00-1DC6891ED0B3}.Debug|x64.ActiveCfg = Debug|x64
		{127B0BA0-79C7-4BF2-AD00-1DC6891ED0B3}.Debug|x64.Build.0 = Debug|x64
		{127B0BA0-79C7-4BF2-AD00-1DC6891ED0B3}.Debug|x86.ActiveCfg = Debug|Win32
		{127B0BA0-79C7-4BF2-AD00-1DC6891ED0B3}.Debug|x86.Build.0 = Debug|Win32
		{127B0BA0-79C7-4BF2-AD00-1DC6891ED0B3}.Release|x64.ActiveCfg = Release|x64
		{127B0BA0-79C7-4BF2-AD00-1DC6891ED0B3}.Release|x64.Build.0 = Release|x64
		{127B0BA0-79C7-4BF2-AD00-1DC6891ED0B3}.Release|x86.ActiveCfg = Release|Win32
		{127B0BA0-79C7-4BF2-AD00-1DC6891ED0B3}.Release|x86.Build.0 = Release|Win32
	EndGlobalSection
	GlobalSection(SolutionProperties) = preSolution
		HideSolutionNode = FALSE
	EndGlobalSection
	GlobalSection(NestedProjects) = preSolution
		{12610208-F0DA-4D54-A469-04D127036AD6} = {A1AFFABE-CA47-40E7-BD47-BC878CD56470}
		{CC441BF4-7D5A-41AB-A714-0A82FBF92076} = {3C3EAD23-4E72-4C72-9993-D58C28EA75CE}
		{7858CDB5-57F2-471A-B503-AFA03722CE8B} = {3C3EAD23-4E72-4C72-9993-D58C28EA75CE}
		{AC2606FE-9732-4EA9-B279-35A66C276898} = {A1AFFABE-CA47-40E7-BD47-BC878CD56470}
		{127B0BA0-79C7-4BF2-AD00-1DC6891ED0B3} = {248E57B0-1C0A-4A63-B17C-48E321A465DC}
		{A1AFFABE-CA47-40E7-BD47-BC878CD56470} = {248E57B0-1C0A-4A63-B17C-48E321A465DC}
		{3C3EAD23-4E72-4C72-9993-D58C28EA75CE} = {248E57B0-1C0A-4A63-B17C-48E321A465DC}
		{C05F4A2B-E441-41E3-9854-3C2373BF6FB1} = {2D7EA1D3-9A39-4F36-B086-C5F7489B7C67}
		{B781213A-8044-4BA1-A336-D01C1236E9B8} = {2D7EA1D3-9A39-4F36-B086-C5F7489B7C67}
	EndGlobalSection
EndGlobal
